// !$*UTF8*$!
{
	archiveVersion = 1;
	classes = {
	};
	objectVersion = 55;
	objects = {

/* Begin PBXBuildFile section */
		2BAA01C9A20F28FFFBD9FC75 /* Pods_ServeyKitDemo.framework in Frameworks */ = {isa = PBXBuildFile; fileRef = 7FCFF06E8F2C6AE2C5929CDC /* Pods_ServeyKitDemo.framework */; };
		841D06C128853B03007A2A66 /* StudyTask.swift in Sources */ = {isa = PBXBuildFile; fileRef = 841D06C028853B03007A2A66 /* StudyTask.swift */; };
		84279E1928851534005DBD04 /* AppDelegate.swift in Sources */ = {isa = PBXBuildFile; fileRef = 84279E1828851534005DBD04 /* AppDelegate.swift */; };
		84279E1B28851534005DBD04 /* SceneDelegate.swift in Sources */ = {isa = PBXBuildFile; fileRef = 84279E1A28851534005DBD04 /* SceneDelegate.swift */; };
		84279E1D28851534005DBD04 /* ViewController.swift in Sources */ = {isa = PBXBuildFile; fileRef = 84279E1C28851534005DBD04 /* ViewController.swift */; };
		84279E2028851534005DBD04 /* Main.storyboard in Resources */ = {isa = PBXBuildFile; fileRef = 84279E1E28851534005DBD04 /* Main.storyboard */; };
		84279E222885153B005DBD04 /* Assets.xcassets in Resources */ = {isa = PBXBuildFile; fileRef = 84279E212885153B005DBD04 /* Assets.xcassets */; };
		84279E252885153B005DBD04 /* LaunchScreen.storyboard in Resources */ = {isa = PBXBuildFile; fileRef = 84279E232885153B005DBD04 /* LaunchScreen.storyboard */; };
/* End PBXBuildFile section */

/* Begin PBXCopyFilesBuildPhase section */
		841D06C528853D07007A2A66 /* Embed Frameworks */ = {
			isa = PBXCopyFilesBuildPhase;
			buildActionMask = 2147483647;
			dstPath = "";
			dstSubfolderSpec = 10;
			files = (
			);
			name = "Embed Frameworks";
			runOnlyForDeploymentPostprocessing = 0;
		};
/* End PBXCopyFilesBuildPhase section */

/* Begin PBXFileReference section */
		4924A48A2ADC17807E6B0311 /* Pods-ServeyKitDemo.debug.xcconfig */ = {isa = PBXFileReference; includeInIndex = 1; lastKnownFileType = text.xcconfig; name = "Pods-ServeyKitDemo.debug.xcconfig"; path = "Target Support Files/Pods-ServeyKitDemo/Pods-ServeyKitDemo.debug.xcconfig"; sourceTree = "<group>"; };
		7FCFF06E8F2C6AE2C5929CDC /* Pods_ServeyKitDemo.framework */ = {isa = PBXFileReference; explicitFileType = wrapper.framework; includeInIndex = 0; path = Pods_ServeyKitDemo.framework; sourceTree = BUILT_PRODUCTS_DIR; };
		841D06C028853B03007A2A66 /* StudyTask.swift */ = {isa = PBXFileReference; lastKnownFileType = sourcecode.swift; path = StudyTask.swift; sourceTree = "<group>"; };
		84279E1528851534005DBD04 /* ServeyKitDemo.app */ = {isa = PBXFileReference; explicitFileType = wrapper.application; includeInIndex = 0; path = ServeyKitDemo.app; sourceTree = BUILT_PRODUCTS_DIR; };
		84279E1828851534005DBD04 /* AppDelegate.swift */ = {isa = PBXFileReference; lastKnownFileType = sourcecode.swift; path = AppDelegate.swift; sourceTree = "<group>"; };
		84279E1A28851534005DBD04 /* SceneDelegate.swift */ = {isa = PBXFileReference; lastKnownFileType = sourcecode.swift; path = SceneDelegate.swift; sourceTree = "<group>"; };
		84279E1C28851534005DBD04 /* ViewController.swift */ = {isa = PBXFileReference; lastKnownFileType = sourcecode.swift; path = ViewController.swift; sourceTree = "<group>"; };
		84279E1F28851534005DBD04 /* Base */ = {isa = PBXFileReference; lastKnownFileType = file.storyboard; name = Base; path = Base.lproj/Main.storyboard; sourceTree = "<group>"; };
		84279E212885153B005DBD04 /* Assets.xcassets */ = {isa = PBXFileReference; lastKnownFileType = folder.assetcatalog; path = Assets.xcassets; sourceTree = "<group>"; };
		84279E242885153B005DBD04 /* Base */ = {isa = PBXFileReference; lastKnownFileType = file.storyboard; name = Base; path = Base.lproj/LaunchScreen.storyboard; sourceTree = "<group>"; };
		84279E262885153B005DBD04 /* Info.plist */ = {isa = PBXFileReference; lastKnownFileType = text.plist.xml; path = Info.plist; sourceTree = "<group>"; };
		EC2AD90AE02B4F2EC7AC0E56 /* Pods-ServeyKitDemo.release.xcconfig */ = {isa = PBXFileReference; includeInIndex = 1; lastKnownFileType = text.xcconfig; name = "Pods-ServeyKitDemo.release.xcconfig"; path = "Target Support Files/Pods-ServeyKitDemo/Pods-ServeyKitDemo.release.xcconfig"; sourceTree = "<group>"; };
/* End PBXFileReference section */

/* Begin PBXFrameworksBuildPhase section */
		84279E1228851534005DBD04 /* Frameworks */ = {
			isa = PBXFrameworksBuildPhase;
			buildActionMask = 2147483647;
			files = (
				2BAA01C9A20F28FFFBD9FC75 /* Pods_ServeyKitDemo.framework in Frameworks */,
			);
			runOnlyForDeploymentPostprocessing = 0;
		};
/* End PBXFrameworksBuildPhase section */

/* Begin PBXGroup section */
		19D90B814400F0D5F4A93511 /* Frameworks */ = {
			isa = PBXGroup;
			children = (
				7FCFF06E8F2C6AE2C5929CDC /* Pods_ServeyKitDemo.framework */,
			);
			name = Frameworks;
			sourceTree = "<group>";
		};
		84279E0C28851534005DBD04 = {
			isa = PBXGroup;
			children = (
				84279E1728851534005DBD04 /* ServeyKitDemo */,
				84279E1628851534005DBD04 /* Products */,
				A3C874590FB7F2818D6D6061 /* Pods */,
				19D90B814400F0D5F4A93511 /* Frameworks */,
			);
			sourceTree = "<group>";
		};
		84279E1628851534005DBD04 /* Products */ = {
			isa = PBXGroup;
			children = (
				84279E1528851534005DBD04 /* ServeyKitDemo.app */,
			);
			name = Products;
			sourceTree = "<group>";
		};
		84279E1728851534005DBD04 /* ServeyKitDemo */ = {
			isa = PBXGroup;
			children = (
				84279E1828851534005DBD04 /* AppDelegate.swift */,
				84279E1A28851534005DBD04 /* SceneDelegate.swift */,
				84279E1C28851534005DBD04 /* ViewController.swift */,
				841D06C028853B03007A2A66 /* StudyTask.swift */,
				84279E1E28851534005DBD04 /* Main.storyboard */,
				84279E212885153B005DBD04 /* Assets.xcassets */,
				84279E232885153B005DBD04 /* LaunchScreen.storyboard */,
				84279E262885153B005DBD04 /* Info.plist */,
			);
			path = ServeyKitDemo;
			sourceTree = "<group>";
		};
		A3C874590FB7F2818D6D6061 /* Pods */ = {
			isa = PBXGroup;
			children = (
				4924A48A2ADC17807E6B0311 /* Pods-ServeyKitDemo.debug.xcconfig */,
				EC2AD90AE02B4F2EC7AC0E56 /* Pods-ServeyKitDemo.release.xcconfig */,
			);
			path = Pods;
			sourceTree = "<group>";
		};
/* End PBXGroup section */

/* Begin PBXNativeTarget section */
		84279E1428851534005DBD04 /* ServeyKitDemo */ = {
			isa = PBXNativeTarget;
			buildConfigurationList = 84279E292885153B005DBD04 /* Build configuration list for PBXNativeTarget "ServeyKitDemo" */;
			buildPhases = (
				458F6ED5C9A820371AB63D1A /* [CP] Check Pods Manifest.lock */,
				84279E1128851534005DBD04 /* Sources */,
				84279E1228851534005DBD04 /* Frameworks */,
				84279E1328851534005DBD04 /* Resources */,
				ABF0B188D1E8A043055A42E4 /* [CP] Embed Pods Frameworks */,
				841D06C528853D07007A2A66 /* Embed Frameworks */,
			);
			buildRules = (
			);
			dependencies = (
			);
			name = ServeyKitDemo;
			productName = ServeyKitDemo;
			productReference = 84279E1528851534005DBD04 /* ServeyKitDemo.app */;
			productType = "com.apple.product-type.application";
		};
/* End PBXNativeTarget section */

/* Begin PBXProject section */
		84279E0D28851534005DBD04 /* Project object */ = {
			isa = PBXProject;
			attributes = {
				BuildIndependentTargetsInParallel = 1;
				LastSwiftUpdateCheck = 1340;
				LastUpgradeCheck = 1340;
				TargetAttributes = {
					84279E1428851534005DBD04 = {
						CreatedOnToolsVersion = 13.4.1;
					};
				};
			};
			buildConfigurationList = 84279E1028851534005DBD04 /* Build configuration list for PBXProject "ServeyKitDemo" */;
			compatibilityVersion = "Xcode 13.0";
			developmentRegion = en;
			hasScannedForEncodings = 0;
			knownRegions = (
				en,
				Base,
			);
			mainGroup = 84279E0C28851534005DBD04;
			productRefGroup = 84279E1628851534005DBD04 /* Products */;
			projectDirPath = "";
			projectRoot = "";
			targets = (
				84279E1428851534005DBD04 /* ServeyKitDemo */,
			);
		};
/* End PBXProject section */

/* Begin PBXResourcesBuildPhase section */
		84279E1328851534005DBD04 /* Resources */ = {
			isa = PBXResourcesBuildPhase;
			buildActionMask = 2147483647;
			files = (
				84279E252885153B005DBD04 /* LaunchScreen.storyboard in Resources */,
				84279E222885153B005DBD04 /* Assets.xcassets in Resources */,
				84279E2028851534005DBD04 /* Main.storyboard in Resources */,
			);
			runOnlyForDeploymentPostprocessing = 0;
		};
/* End PBXResourcesBuildPhase section */

/* Begin PBXShellScriptBuildPhase section */
		458F6ED5C9A820371AB63D1A /* [CP] Check Pods Manifest.lock */ = {
			isa = PBXShellScriptBuildPhase;
			buildActionMask = 2147483647;
			files = (
			);
			inputFileListPaths = (
			);
			inputPaths = (
				"${PODS_PODFILE_DIR_PATH}/Podfile.lock",
				"${PODS_ROOT}/Manifest.lock",
			);
			name = "[CP] Check Pods Manifest.lock";
			outputFileListPaths = (
			);
			outputPaths = (
				"$(DERIVED_FILE_DIR)/Pods-ServeyKitDemo-checkManifestLockResult.txt",
			);
			runOnlyForDeploymentPostprocessing = 0;
			shellPath = /bin/sh;
			shellScript = "diff \"${PODS_PODFILE_DIR_PATH}/Podfile.lock\" \"${PODS_ROOT}/Manifest.lock\" > /dev/null\nif [ $? != 0 ] ; then\n    # print error to STDERR\n    echo \"error: The sandbox is not in sync with the Podfile.lock. Run 'pod install' or update your CocoaPods installation.\" >&2\n    exit 1\nfi\n# This output is used by Xcode 'outputs' to avoid re-running this script phase.\necho \"SUCCESS\" > \"${SCRIPT_OUTPUT_FILE_0}\"\n";
			showEnvVarsInLog = 0;
		};
		ABF0B188D1E8A043055A42E4 /* [CP] Embed Pods Frameworks */ = {
			isa = PBXShellScriptBuildPhase;
			buildActionMask = 2147483647;
			files = (
			);
			inputFileListPaths = (
				"${PODS_ROOT}/Target Support Files/Pods-ServeyKitDemo/Pods-ServeyKitDemo-frameworks-${CONFIGURATION}-input-files.xcfilelist",
			);
			name = "[CP] Embed Pods Frameworks";
			outputFileListPaths = (
				"${PODS_ROOT}/Target Support Files/Pods-ServeyKitDemo/Pods-ServeyKitDemo-frameworks-${CONFIGURATION}-output-files.xcfilelist",
			);
			runOnlyForDeploymentPostprocessing = 0;
			shellPath = /bin/sh;
			shellScript = "\"${PODS_ROOT}/Target Support Files/Pods-ServeyKitDemo/Pods-ServeyKitDemo-frameworks.sh\"\n";
			showEnvVarsInLog = 0;
		};
/* End PBXShellScriptBuildPhase section */

/* Begin PBXSourcesBuildPhase section */
		84279E1128851534005DBD04 /* Sources */ = {
			isa = PBXSourcesBuildPhase;
			buildActionMask = 2147483647;
			files = (
				84279E1D28851534005DBD04 /* ViewController.swift in Sources */,
				84279E1928851534005DBD04 /* AppDelegate.swift in Sources */,
				841D06C128853B03007A2A66 /* StudyTask.swift in Sources */,
				84279E1B28851534005DBD04 /* SceneDelegate.swift in Sources */,
			);
			runOnlyForDeploymentPostprocessing = 0;
		};
/* End PBXSourcesBuildPhase section */

/* Begin PBXVariantGroup section */
		84279E1E28851534005DBD04 /* Main.storyboard */ = {
			isa = PBXVariantGroup;
			children = (
				84279E1F28851534005DBD04 /* Base */,
			);
			name = Main.storyboard;
			sourceTree = "<group>";
		};
		84279E232885153B005DBD04 /* LaunchScreen.storyboard */ = {
			isa = PBXVariantGroup;
			children = (
				84279E242885153B005DBD04 /* Base */,
			);
			name = LaunchScreen.storyboard;
			sourceTree = "<group>";
		};
/* End PBXVariantGroup section */

/* Begin XCBuildConfiguration section */
		84279E272885153B005DBD04 /* Debug */ = {
			isa = XCBuildConfiguration;
			buildSettings = {
				ALWAYS_SEARCH_USER_PATHS = NO;
				CLANG_ANALYZER_NONNULL = YES;
				CLANG_ANALYZER_NUMBER_OBJECT_CONVERSION = YES_AGGRESSIVE;
				CLANG_CXX_LANGUAGE_STANDARD = "gnu++17";
				CLANG_ENABLE_MODULES = YES;
				CLANG_ENABLE_OBJC_ARC = YES;
				CLANG_ENABLE_OBJC_WEAK = YES;
				CLANG_WARN_BLOCK_CAPTURE_AUTORELEASING = YES;
				CLANG_WARN_BOOL_CONVERSION = YES;
				CLANG_WARN_COMMA = YES;
				CLANG_WARN_CONSTANT_CONVERSION = YES;
				CLANG_WARN_DEPRECATED_OBJC_IMPLEMENTATIONS = YES;
				CLANG_WARN_DIRECT_OBJC_ISA_USAGE = YES_ERROR;
				CLANG_WARN_DOCUMENTATION_COMMENTS = YES;
				CLANG_WARN_EMPTY_BODY = YES;
				CLANG_WARN_ENUM_CONVERSION = YES;
				CLANG_WARN_INFINITE_RECURSION = YES;
				CLANG_WARN_INT_CONVERSION = YES;
				CLANG_WARN_NON_LITERAL_NULL_CONVERSION = YES;
				CLANG_WARN_OBJC_IMPLICIT_RETAIN_SELF = YES;
				CLANG_WARN_OBJC_LITERAL_CONVERSION = YES;
				CLANG_WARN_OBJC_ROOT_CLASS = YES_ERROR;
				CLANG_WARN_QUOTED_INCLUDE_IN_FRAMEWORK_HEADER = YES;
				CLANG_WARN_RANGE_LOOP_ANALYSIS = YES;
				CLANG_WARN_STRICT_PROTOTYPES = YES;
				CLANG_WARN_SUSPICIOUS_MOVE = YES;
				CLANG_WARN_UNGUARDED_AVAILABILITY = YES_AGGRESSIVE;
				CLANG_WARN_UNREACHABLE_CODE = YES;
				CLANG_WARN__DUPLICATE_METHOD_MATCH = YES;
				COPY_PHASE_STRIP = NO;
				DEBUG_INFORMATION_FORMAT = dwarf;
				ENABLE_STRICT_OBJC_MSGSEND = YES;
				ENABLE_TESTABILITY = YES;
				GCC_C_LANGUAGE_STANDARD = gnu11;
				GCC_DYNAMIC_NO_PIC = NO;
				GCC_NO_COMMON_BLOCKS = YES;
				GCC_OPTIMIZATION_LEVEL = 0;
				GCC_PREPROCESSOR_DEFINITIONS = (
					"DEBUG=1",
					"$(inherited)",
				);
				GCC_WARN_64_TO_32_BIT_CONVERSION = YES;
				GCC_WARN_ABOUT_RETURN_TYPE = YES_ERROR;
				GCC_WARN_UNDECLARED_SELECTOR = YES;
				GCC_WARN_UNINITIALIZED_AUTOS = YES_AGGRESSIVE;
				GCC_WARN_UNUSED_FUNCTION = YES;
				GCC_WARN_UNUSED_VARIABLE = YES;
				IPHONEOS_DEPLOYMENT_TARGET = 15.5;
				MTL_ENABLE_DEBUG_INFO = INCLUDE_SOURCE;
				MTL_FAST_MATH = YES;
				ONLY_ACTIVE_ARCH = YES;
				SDKROOT = iphoneos;
				SWIFT_ACTIVE_COMPILATION_CONDITIONS = DEBUG;
				SWIFT_OPTIMIZATION_LEVEL = "-Onone";
			};
			name = Debug;
		};
		84279E282885153B005DBD04 /* Release */ = {
			isa = XCBuildConfiguration;
			buildSettings = {
				ALWAYS_SEARCH_USER_PATHS = NO;
				CLANG_ANALYZER_NONNULL = YES;
				CLANG_ANALYZER_NUMBER_OBJECT_CONVERSION = YES_AGGRESSIVE;
				CLANG_CXX_LANGUAGE_STANDARD = "gnu++17";
				CLANG_ENABLE_MODULES = YES;
				CLANG_ENABLE_OBJC_ARC = YES;
				CLANG_ENABLE_OBJC_WEAK = YES;
				CLANG_WARN_BLOCK_CAPTURE_AUTORELEASING = YES;
				CLANG_WARN_BOOL_CONVERSION = YES;
				CLANG_WARN_COMMA = YES;
				CLANG_WARN_CONSTANT_CONVERSION = YES;
				CLANG_WARN_DEPRECATED_OBJC_IMPLEMENTATIONS = YES;
				CLANG_WARN_DIRECT_OBJC_ISA_USAGE = YES_ERROR;
				CLANG_WARN_DOCUMENTATION_COMMENTS = YES;
				CLANG_WARN_EMPTY_BODY = YES;
				CLANG_WARN_ENUM_CONVERSION = YES;
				CLANG_WARN_INFINITE_RECURSION = YES;
				CLANG_WARN_INT_CONVERSION = YES;
				CLANG_WARN_NON_LITERAL_NULL_CONVERSION = YES;
				CLANG_WARN_OBJC_IMPLICIT_RETAIN_SELF = YES;
				CLANG_WARN_OBJC_LITERAL_CONVERSION = YES;
				CLANG_WARN_OBJC_ROOT_CLASS = YES_ERROR;
				CLANG_WARN_QUOTED_INCLUDE_IN_FRAMEWORK_HEADER = YES;
				CLANG_WARN_RANGE_LOOP_ANALYSIS = YES;
				CLANG_WARN_STRICT_PROTOTYPES = YES;
				CLANG_WARN_SUSPICIOUS_MOVE = YES;
				CLANG_WARN_UNGUARDED_AVAILABILITY = YES_AGGRESSIVE;
				CLANG_WARN_UNREACHABLE_CODE = YES;
				CLANG_WARN__DUPLICATE_METHOD_MATCH = YES;
				COPY_PHASE_STRIP = NO;
				DEBUG_INFORMATION_FORMAT = "dwarf-with-dsym";
				ENABLE_NS_ASSERTIONS = NO;
				ENABLE_STRICT_OBJC_MSGSEND = YES;
				GCC_C_LANGUAGE_STANDARD = gnu11;
				GCC_NO_COMMON_BLOCKS = YES;
				GCC_WARN_64_TO_32_BIT_CONVERSION = YES;
				GCC_WARN_ABOUT_RETURN_TYPE = YES_ERROR;
				GCC_WARN_UNDECLARED_SELECTOR = YES;
				GCC_WARN_UNINITIALIZED_AUTOS = YES_AGGRESSIVE;
				GCC_WARN_UNUSED_FUNCTION = YES;
				GCC_WARN_UNUSED_VARIABLE = YES;
				IPHONEOS_DEPLOYMENT_TARGET = 15.5;
				MTL_ENABLE_DEBUG_INFO = NO;
				MTL_FAST_MATH = YES;
				SDKROOT = iphoneos;
				SWIFT_COMPILATION_MODE = wholemodule;
				SWIFT_OPTIMIZATION_LEVEL = "-O";
				VALIDATE_PRODUCT = YES;
			};
			name = Release;
		};
		84279E2A2885153B005DBD04 /* Debug */ = {
			isa = XCBuildConfiguration;
			baseConfigurationReference = 4924A48A2ADC17807E6B0311 /* Pods-ServeyKitDemo.debug.xcconfig */;
			buildSettings = {
				ASSETCATALOG_COMPILER_APPICON_NAME = AppIcon;
				ASSETCATALOG_COMPILER_GLOBAL_ACCENT_COLOR_NAME = AccentColor;
				CODE_SIGN_STYLE = Automatic;
				CURRENT_PROJECT_VERSION = 1;
				DEVELOPMENT_TEAM = BZ48TXFCPB;
				GENERATE_INFOPLIST_FILE = YES;
				INFOPLIST_FILE = ServeyKitDemo/Info.plist;
				INFOPLIST_KEY_UIApplicationSupportsIndirectInputEvents = YES;
				INFOPLIST_KEY_UILaunchStoryboardName = LaunchScreen;
				INFOPLIST_KEY_UIMainStoryboardFile = Main;
				INFOPLIST_KEY_UISupportedInterfaceOrientations_iPad = "UIInterfaceOrientationPortrait UIInterfaceOrientationPortraitUpsideDown UIInterfaceOrientationLandscapeLeft UIInterfaceOrientationLandscapeRight";
				INFOPLIST_KEY_UISupportedInterfaceOrientations_iPhone = "UIInterfaceOrientationPortrait UIInterfaceOrientationLandscapeLeft UIInterfaceOrientationLandscapeRight";
				LD_RUNPATH_SEARCH_PATHS = (
					"$(inherited)",
					"@executable_path/Frameworks",
				);
				MARKETING_VERSION = 1.0;
				PRODUCT_BUNDLE_IDENTIFIER = "Krupa-Parsaniya.ServeyKitDemo";
				PRODUCT_NAME = "$(TARGET_NAME)";
				SWIFT_EMIT_LOC_STRINGS = YES;
				SWIFT_VERSION = 5.0;
				TARGETED_DEVICE_FAMILY = "1,2";
			};
			name = Debug;
		};
		84279E2B2885153B005DBD04 /* Release */ = {
			isa = XCBuildConfiguration;
			baseConfigurationReference = EC2AD90AE02B4F2EC7AC0E56 /* Pods-ServeyKitDemo.release.xcconfig */;
			buildSettings = {
				ASSETCATALOG_COMPILER_APPICON_NAME = AppIcon;
				ASSETCATALOG_COMPILER_GLOBAL_ACCENT_COLOR_NAME = AccentColor;
				CODE_SIGN_STYLE = Automatic;
				CURRENT_PROJECT_VERSION = 1;
				DEVELOPMENT_TEAM = BZ48TXFCPB;
				GENERATE_INFOPLIST_FILE = YES;
				INFOPLIST_FILE = ServeyKitDemo/Info.plist;
				INFOPLIST_KEY_UIApplicationSupportsIndirectInputEvents = YES;
				INFOPLIST_KEY_UILaunchStoryboardName = LaunchScreen;
				INFOPLIST_KEY_UIMainStoryboardFile = Main;
				INFOPLIST_KEY_UISupportedInterfaceOrientations_iPad = "UIInterfaceOrientationPortrait UIInterfaceOrientationPortraitUpsideDown UIInterfaceOrientationLandscapeLeft UIInterfaceOrientationLandscapeRight";
				INFOPLIST_KEY_UISupportedInterfaceOrientations_iPhone = "UIInterfaceOrientationPortrait UIInterfaceOrientationLandscapeLeft UIInterfaceOrientationLandscapeRight";
				LD_RUNPATH_SEARCH_PATHS = (
					"$(inherited)",
					"@executable_path/Frameworks",
				);
				MARKETING_VERSION = 1.0;
				PRODUCT_BUNDLE_IDENTIFIER = "Krupa-Parsaniya.ServeyKitDemo";
				PRODUCT_NAME = "$(TARGET_NAME)";
				SWIFT_EMIT_LOC_STRINGS = YES;
				SWIFT_VERSION = 5.0;
				TARGETED_DEVICE_FAMILY = "1,2";
			};
			name = Release;
		};
/* End XCBuildConfiguration section */

/* Begin XCConfigurationList section */
		84279E1028851534005DBD04 /* Build configuration list for PBXProject "ServeyKitDemo" */ = {
			isa = XCConfigurationList;
			buildConfigurations = (
				84279E272885153B005DBD04 /* Debug */,
				84279E282885153B005DBD04 /* Release */,
			);
			defaultConfigurationIsVisible = 0;
			defaultConfigurationName = Release;
		};
		84279E292885153B005DBD04 /* Build configuration list for PBXNativeTarget "ServeyKitDemo" */ = {
			isa = XCConfigurationList;
			buildConfigurations = (
				84279E2A2885153B005DBD04 /* Debug */,
				84279E2B2885153B005DBD04 /* Release */,
			);
			defaultConfigurationIsVisible = 0;
			defaultConfigurationName = Release;
		};
/* End XCConfigurationList section */
	};
	rootObject = 84279E0D28851534005DBD04 /* Project object */;
}
